
Microsoft Visual Studio Solution File, Format Version 12.00
# Visual Studio 15
VisualStudioVersion = 15.0.28010.2026
MinimumVisualStudioVersion = 10.0.40219.1
Project("{FAE04EC0-301F-11D3-BF4B-00C04F79EFBC}") = "RobertLilly_s00188662", "RobertLilly_s00188662\RobertLilly_s00188662.csproj", "{FA575EA2-09D2-476E-B75E-074682239556}"
EndProject
Global
	GlobalSection(SolutionConfigurationPlatforms) = preSolution
		Debug|Any CPU = Debug|Any CPU
		Release|Any CPU = Release|Any CPU
	EndGlobalSection
	GlobalSection(ProjectConfigurationPlatforms) = postSolution
		{FA575EA2-09D2-476E-B75E-074682239556}.Debug|Any CPU.ActiveCfg = Debug|Any CPU
		{FA575EA2-09D2-476E-B75E-074682239556}.Debug|Any CPU.Build.0 = Debug|Any CPU
		{FA575EA2-09D2-476E-B75E-074682239556}.Release|Any CPU.ActiveCfg = Release|Any CPU
		{FA575EA2-09D2-476E-B75E-074682239556}.Release|Any CPU.Build.0 = Release|Any CPU
	EndGlobalSection
	GlobalSection(SolutionProperties) = preSolution
		HideSolutionNode = FALSE
	EndGlobalSection
	GlobalSection(ExtensibilityGlobals) = postSolution
		SolutionGuid = {DDC99E36-4AAC-4977-801A-B402343C2A27}
	EndGlobalSection
EndGlobal
